PODS:
  - CTHandyCategories (23):
    - HandyFrame
  - CTMediator (15):
    - CTHandyCategories
  - HandyFrame (1.2.0)
  - Meditation_model (0.0.1):
    - CTMediator (= 15)

DEPENDENCIES:
  - Meditation_model (from `/Users/yaoln/Desktop/AutoProject/Meditation/Meditation_model`)

EXTERNAL SOURCES:
  Meditation_model:
    :path: /Users/yaoln/Desktop/AutoProject/Meditation/Meditation_model

SPEC CHECKSUMS:
  CTHandyCategories: 10f812a5f545a9d8da34112e068a6e9b469c6782
  CTMediator: d9122c972b29559d5d733a205e9b0a18c933b2ad
  HandyFrame: 437df83ba7563c56cd55b9bd0128561995463110
  Meditation_model: de750de1baffe20ac7047820b38396bf122e0854

PODFILE CHECKSUM: 78afcbfcec5c17294f6a012f9a2a479ff52d222c

COCOAPODS: 1.3.1
